{
    "name": "rn-utilities",
    "version": "0.1.5",
    "lockfileVersion": 1,
    "requires": true,
    "dependencies": {
        "react-native-iphone-x-helper": {
            "version": "1.2.1",
            "resolved": "https://registry.npmjs.org/react-native-iphone-x-helper/-/react-native-iphone-x-helper-1.2.1.tgz",
            "integrity": "sha512-/VbpIEp8tSNNHIvstuA3Swx610whci1Zpc9mqNkqn14DkMbw+ORviln2u0XyHG1kPvvwTNGZY6QpeFwxYaSdbQ=="
        }
    }
}
